
Microsoft Visual Studio Solution File, Format Version 12.00
# Visual Studio Version 17
VisualStudioVersion = 17.8.34330.188
MinimumVisualStudioVersion = 10.0.40219.1
Project("{FAE04EC0-301F-11D3-BF4B-00C04F79EFBC}") = "TicTacToeGame", "TicTacToeGame\TicTacToeGame.csproj", "{99186F1D-AD0E-4EF7-93B1-2EE91B829E0C}"
EndProject
Global
	GlobalSection(SolutionConfigurationPlatforms) = preSolution
		Debug|Any CPU = Debug|Any CPU
		Release|Any CPU = Release|Any CPU
	EndGlobalSection
	GlobalSection(ProjectConfigurationPlatforms) = postSolution
		{99186F1D-AD0E-4EF7-93B1-2EE91B829E0C}.Debug|Any CPU.ActiveCfg = Debug|Any CPU
		{99186F1D-AD0E-4EF7-93B1-2EE91B829E0C}.Debug|Any CPU.Build.0 = Debug|Any CPU
		{99186F1D-AD0E-4EF7-93B1-2EE91B829E0C}.Release|Any CPU.ActiveCfg = Release|Any CPU
		{99186F1D-AD0E-4EF7-93B1-2EE91B829E0C}.Release|Any CPU.Build.0 = Release|Any CPU
	EndGlobalSection
	GlobalSection(SolutionProperties) = preSolution
		HideSolutionNode = FALSE
	EndGlobalSection
	GlobalSection(ExtensibilityGlobals) = postSolution
		SolutionGuid = {786CFA3F-38C6-4536-A180-D34FD0730548}
	EndGlobalSection
EndGlobal
